{
  "projects": [
    {
      "projectId": "seaQhLVS4bbjiGvJJrRwyL",
      "version": "15.1.2",
      "dependencies": {},
      "lang": "ts",
      "fileLocks": [
        {
          "assetId": "seaQhLVS4bbjiGvJJrRwyL",
          "type": "projectCss",
          "checksum": "a540f80d09e125d775ab10c4ee5a77f1"
        }
      ],
      "codegenVersion": "0.0.1"
    },
    {
      "projectId": "jbURxL3XuiMBQsLhf7apui",
      "version": "latest",
      "dependencies": {
        "seaQhLVS4bbjiGvJJrRwyL": "15.1.2"
      },
      "lang": "ts",
      "fileLocks": [
        {
          "type": "globalVariant",
          "assetId": "BzFq34bwReL2",
          "checksum": "8311fb5f70a9dd48b697a6b500a1db74"
        },
        {
          "type": "renderModule",
          "assetId": "Z0tmI2kZtwu",
          "checksum": "f7167ea41b15594e59a8af08bb0a8314"
        },
        {
          "type": "cssRules",
          "assetId": "Z0tmI2kZtwu",
          "checksum": "f7167ea41b15594e59a8af08bb0a8314"
        },
        {
          "type": "renderModule",
          "assetId": "yPO2dsHR0-Dj",
          "checksum": "3096f84d4a9f55cacf57f616e9740902"
        },
        {
          "type": "cssRules",
          "assetId": "yPO2dsHR0-Dj",
          "checksum": "3096f84d4a9f55cacf57f616e9740902"
        },
        {
          "type": "renderModule",
          "assetId": "C-c1_GprIs0E",
          "checksum": "6f043994a8507cfe1b0c41326a89f35a"
        },
        {
          "type": "cssRules",
          "assetId": "C-c1_GprIs0E",
          "checksum": "6f043994a8507cfe1b0c41326a89f35a"
        },
        {
          "type": "renderModule",
          "assetId": "mDNIC-FBlOxc",
          "checksum": "92130c417e2bccb5bc7963081d8bd20c"
        },
        {
          "type": "cssRules",
          "assetId": "mDNIC-FBlOxc",
          "checksum": "92130c417e2bccb5bc7963081d8bd20c"
        },
        {
          "type": "renderModule",
          "assetId": "PDN2xmv-0aRn",
          "checksum": "02bc433b68856bb062d2aec66ac6478d"
        },
        {
          "type": "cssRules",
          "assetId": "PDN2xmv-0aRn",
          "checksum": "02bc433b68856bb062d2aec66ac6478d"
        },
        {
          "type": "renderModule",
          "assetId": "jar6THUCtxN0",
          "checksum": "73718963ce77b07a4f82c32965a07c0f"
        },
        {
          "type": "cssRules",
          "assetId": "jar6THUCtxN0",
          "checksum": "73718963ce77b07a4f82c32965a07c0f"
        },
        {
          "type": "renderModule",
          "assetId": "w1ZnbKd31u0d",
          "checksum": "d0efc830f73f0c928b4088a8d0931f36"
        },
        {
          "type": "cssRules",
          "assetId": "w1ZnbKd31u0d",
          "checksum": "d0efc830f73f0c928b4088a8d0931f36"
        },
        {
          "type": "renderModule",
          "assetId": "6EHfrgSbKByl",
          "checksum": "06f04beebdd4476cd98a9db02336101c"
        },
        {
          "type": "cssRules",
          "assetId": "6EHfrgSbKByl",
          "checksum": "06f04beebdd4476cd98a9db02336101c"
        },
        {
          "type": "renderModule",
          "assetId": "5SnsQScnhaLp",
          "checksum": "bbdd237c12fa8350e6a5b0a2218e6cf6"
        },
        {
          "type": "cssRules",
          "assetId": "5SnsQScnhaLp",
          "checksum": "bbdd237c12fa8350e6a5b0a2218e6cf6"
        },
        {
          "type": "renderModule",
          "assetId": "ckCiVMtRuKmU",
          "checksum": "732628c6ea5f3647fcf1f43d2f9025ad"
        },
        {
          "type": "cssRules",
          "assetId": "ckCiVMtRuKmU",
          "checksum": "732628c6ea5f3647fcf1f43d2f9025ad"
        },
        {
          "type": "renderModule",
          "assetId": "mTFy8Vt80PPU",
          "checksum": "bb9aafaf7191829c532429746b17f0ce"
        },
        {
          "type": "cssRules",
          "assetId": "mTFy8Vt80PPU",
          "checksum": "bb9aafaf7191829c532429746b17f0ce"
        },
        {
          "type": "renderModule",
          "assetId": "69HcucgDj4Nx",
          "checksum": "22ebff3531e3d54b2c4943d8e6bbdf77"
        },
        {
          "type": "cssRules",
          "assetId": "69HcucgDj4Nx",
          "checksum": "22ebff3531e3d54b2c4943d8e6bbdf77"
        },
        {
          "type": "renderModule",
          "assetId": "1qGRt7Rwz6k5",
          "checksum": "f7b1762fa82a295ba63d037dc7375889"
        },
        {
          "type": "cssRules",
          "assetId": "1qGRt7Rwz6k5",
          "checksum": "f7b1762fa82a295ba63d037dc7375889"
        },
        {
          "type": "renderModule",
          "assetId": "z30q3PBBdnTX",
          "checksum": "078b9e188788b6c3fd74ae109f114980"
        },
        {
          "type": "cssRules",
          "assetId": "z30q3PBBdnTX",
          "checksum": "078b9e188788b6c3fd74ae109f114980"
        },
        {
          "type": "renderModule",
          "assetId": "WPq9gUgwYyDn",
          "checksum": "b854c98b03495a133e2f29ad08ccc952"
        },
        {
          "type": "cssRules",
          "assetId": "WPq9gUgwYyDn",
          "checksum": "b854c98b03495a133e2f29ad08ccc952"
        },
        {
          "type": "renderModule",
          "assetId": "pqxD5V2UHfS3",
          "checksum": "e53278cd94688f0111bf288bf780b572"
        },
        {
          "type": "cssRules",
          "assetId": "pqxD5V2UHfS3",
          "checksum": "e53278cd94688f0111bf288bf780b572"
        },
        {
          "type": "renderModule",
          "assetId": "eDgf6ntQo-zf",
          "checksum": "f4caeb21dc66e06e7689b7ed634a3754"
        },
        {
          "type": "cssRules",
          "assetId": "eDgf6ntQo-zf",
          "checksum": "f4caeb21dc66e06e7689b7ed634a3754"
        },
        {
          "type": "renderModule",
          "assetId": "Qao5N_y6m8Z8",
          "checksum": "e94e90524abc3d6d4275097f2b554e4a"
        },
        {
          "type": "cssRules",
          "assetId": "Qao5N_y6m8Z8",
          "checksum": "e94e90524abc3d6d4275097f2b554e4a"
        },
        {
          "type": "renderModule",
          "assetId": "4ne7EFpfVxvr",
          "checksum": "cb34864fe2be61ac0a6c7c3ad445e195"
        },
        {
          "type": "cssRules",
          "assetId": "4ne7EFpfVxvr",
          "checksum": "cb34864fe2be61ac0a6c7c3ad445e195"
        },
        {
          "type": "renderModule",
          "assetId": "YHHsIHIZ309X",
          "checksum": "05caae40438621e795eeac5d4bd06490"
        },
        {
          "type": "cssRules",
          "assetId": "YHHsIHIZ309X",
          "checksum": "05caae40438621e795eeac5d4bd06490"
        },
        {
          "type": "renderModule",
          "assetId": "2w86J8WHAT2f",
          "checksum": "4a3285c631ab4a354cfada301d7015a0"
        },
        {
          "type": "cssRules",
          "assetId": "2w86J8WHAT2f",
          "checksum": "4a3285c631ab4a354cfada301d7015a0"
        },
        {
          "type": "renderModule",
          "assetId": "uwtrxO1FhIoo",
          "checksum": "3f7d0dedc3939d9568f79c91d2fe0108"
        },
        {
          "type": "cssRules",
          "assetId": "uwtrxO1FhIoo",
          "checksum": "3f7d0dedc3939d9568f79c91d2fe0108"
        },
        {
          "type": "renderModule",
          "assetId": "GpokPUrpKl",
          "checksum": "0edc719a43df879de83bb6be8cc05bbd"
        },
        {
          "type": "cssRules",
          "assetId": "GpokPUrpKl",
          "checksum": "0edc719a43df879de83bb6be8cc05bbd"
        },
        {
          "type": "renderModule",
          "assetId": "Q4yy3X_W7vH",
          "checksum": "47642140aa20d5056d6c8a39b22be37f"
        },
        {
          "type": "cssRules",
          "assetId": "Q4yy3X_W7vH",
          "checksum": "47642140aa20d5056d6c8a39b22be37f"
        },
        {
          "type": "renderModule",
          "assetId": "MeQWELtrysB",
          "checksum": "13b327ec652a1da29d5d0bd1e1dde4cb"
        },
        {
          "type": "cssRules",
          "assetId": "MeQWELtrysB",
          "checksum": "13b327ec652a1da29d5d0bd1e1dde4cb"
        },
        {
          "type": "renderModule",
          "assetId": "aLoaIkI4766",
          "checksum": "ff31f67e414d4da651c7e600ee24d106"
        },
        {
          "type": "cssRules",
          "assetId": "aLoaIkI4766",
          "checksum": "ff31f67e414d4da651c7e600ee24d106"
        },
        {
          "type": "renderModule",
          "assetId": "ayEd-ezB3C-z",
          "checksum": "f5737a1ae0dbaf67e09e568f9751d849"
        },
        {
          "type": "cssRules",
          "assetId": "ayEd-ezB3C-z",
          "checksum": "f5737a1ae0dbaf67e09e568f9751d849"
        },
        {
          "type": "icon",
          "assetId": "lodHYqINbTbi",
          "checksum": "ca14ffe026a049f7cae1692241a1c91c"
        },
        {
          "type": "icon",
          "assetId": "MR6HjPoQ4XZO",
          "checksum": "3ff1798f80adb2f40bf8911d070a66c6"
        },
        {
          "type": "icon",
          "assetId": "IZHgihA6NHMA",
          "checksum": "954aadabf0c9471fefd60de976872298"
        },
        {
          "type": "icon",
          "assetId": "3WaskXxDwLpP",
          "checksum": "cc25939562c85b51ea8810a7f2001652"
        },
        {
          "type": "icon",
          "assetId": "ZuOYCAXGTqWV",
          "checksum": "06f74e2798026077aa34fd1a152512f3"
        },
        {
          "type": "icon",
          "assetId": "rLVg9ppMbHmc",
          "checksum": "1e18a80fcce3ef34eb2b80954171d211"
        },
        {
          "type": "icon",
          "assetId": "R_OTBeuKYlSh",
          "checksum": "15e1671b2d1aafb6966f9fd20292d799"
        },
        {
          "type": "icon",
          "assetId": "xG-_Nh8HQ7l8",
          "checksum": "9e753e62aa592bae5e5db509c7b7d56e"
        },
        {
          "type": "icon",
          "assetId": "B6LQdT961rE8",
          "checksum": "5dc56dc818111df4621a1137f7f2ce97"
        },
        {
          "type": "icon",
          "assetId": "gpmIqNjGKjYR",
          "checksum": "d3deb257783ea0f3a8e337ca16160f56"
        },
        {
          "type": "icon",
          "assetId": "UihrSODpd_wc",
          "checksum": "7d3cbe46ed50fc4c73042af3fe95616f"
        },
        {
          "type": "icon",
          "assetId": "zA5513fIkSrM",
          "checksum": "8e9e0ce8df31b16a6bdd5cae92cf72e0"
        },
        {
          "type": "icon",
          "assetId": "61ZZiWf_2GO1",
          "checksum": "e3e904932052282a13384ed1a0d0b8ff"
        },
        {
          "type": "icon",
          "assetId": "PkcoKaDFPXBd",
          "checksum": "2845d8ab1624f7ac67ae4fbffb67a7af"
        },
        {
          "type": "icon",
          "assetId": "nx-aO57rpWv5",
          "checksum": "db1c0f2e2cef222f0566b1d749b74559"
        },
        {
          "type": "icon",
          "assetId": "_s4zGGUKFzul",
          "checksum": "21bfaed39d083c8d44944edc9810d32d"
        },
        {
          "type": "icon",
          "assetId": "reqCYX4Vc1Lv",
          "checksum": "ce23c45842494abae1ac9170a574be62"
        },
        {
          "type": "icon",
          "assetId": "VSVBWWleY_Z",
          "checksum": "046ca249f4cf55fde21d4f5f5582b256"
        },
        {
          "type": "icon",
          "assetId": "OiyLcqCpAFbm",
          "checksum": "0f6181957f316d93bf161073610d2fb4"
        },
        {
          "type": "icon",
          "assetId": "4MOEJCX4_jYc",
          "checksum": "d39ec1c954e0bfea73e2974c477ca576"
        },
        {
          "type": "icon",
          "assetId": "yeSC35cwTR9f",
          "checksum": "3b7cbd820bf9b9c49cab2c5004cdaf0c"
        },
        {
          "type": "image",
          "assetId": "wshNYuc6rPNN",
          "checksum": "947fd10cca5fa6435a7cd886ebabaa9a"
        },
        {
          "type": "image",
          "assetId": "GJeDEBFEcyln",
          "checksum": "a45af6e23626159f84aca37059f4ef1e"
        },
        {
          "type": "image",
          "assetId": "cHbom4Y5rY9l",
          "checksum": "79d538209ecb64d922a92c80d593ed45"
        },
        {
          "type": "image",
          "assetId": "9b5xXcLH430q",
          "checksum": "039605e694dbae31369176608dde910d"
        },
        {
          "type": "image",
          "assetId": "TJqyG3v8FonY",
          "checksum": "efba0058fd64fec6839f59c2a342d3a8"
        },
        {
          "type": "image",
          "assetId": "FXudmdwhFRlK",
          "checksum": "4b28fae30eb3c5a08aa0e1cf35032c00"
        },
        {
          "type": "image",
          "assetId": "tfel2cHYfcDD",
          "checksum": "8c339dcf1ef21b3a1f4cb57aa9f74852"
        },
        {
          "type": "image",
          "assetId": "WQozPERLFyU7",
          "checksum": "8d84363d8d5b726682322d27186387d5"
        },
        {
          "type": "image",
          "assetId": "xVMX2JjhRPBv",
          "checksum": "5a5429fa61198ec8f382c0dc787f75d7"
        },
        {
          "type": "image",
          "assetId": "jJUqb5UpxSNV",
          "checksum": "4ee8ad392b85eac439c4eddf6bd1dc57"
        },
        {
          "type": "image",
          "assetId": "kW0MEcx1cUB6",
          "checksum": "3322fd6e3958d1a6fc201a62c6060291"
        },
        {
          "type": "image",
          "assetId": "bzoVX2F6-qpY",
          "checksum": "7b795c35a9cae1cb56193f0d78b37b14"
        },
        {
          "type": "image",
          "assetId": "rd_4oaLqkY91",
          "checksum": "4be352692c271053154b488d125176b5"
        },
        {
          "type": "image",
          "assetId": "hRpE8_QxAJo8",
          "checksum": "d356b8d7980130900a6f7c27008e9c52"
        },
        {
          "type": "image",
          "assetId": "LisLSbv1ougb",
          "checksum": "528934ee61a9e1e53e489bd5903c69db"
        },
        {
          "type": "image",
          "assetId": "lq39t7xtQtcQ",
          "checksum": "3f8ced7265a589f2d76e4247d44d4f60"
        },
        {
          "type": "image",
          "assetId": "5m7xlTu-oMsO",
          "checksum": "b506c1a83eece4c9131dc79e9349591e"
        },
        {
          "type": "image",
          "assetId": "bG3w46_vuNFz",
          "checksum": "b0ee0499a409ddcf9c3060a2ec965ef8"
        },
        {
          "type": "image",
          "assetId": "0OM9gmOP7bvB",
          "checksum": "f6ef7d086cd890c214351006f9a8460e"
        },
        {
          "type": "image",
          "assetId": "mOAaQnMqXtbQ",
          "checksum": "352e5c4284a469de7f1b261c0ba3e83d"
        },
        {
          "type": "image",
          "assetId": "1CthasiFmgV3",
          "checksum": "3eae1cbe1c1e6028ba43a6507daaf605"
        },
        {
          "type": "image",
          "assetId": "pG1soMKYmcfh",
          "checksum": "ecd4382b9c99cfcefa11627e3f4f20a0"
        },
        {
          "type": "image",
          "assetId": "J4aX8RGaaFbQ",
          "checksum": "435a7502720574b9dac28826e8180c77"
        },
        {
          "type": "image",
          "assetId": "Nd20I4wVgAIL",
          "checksum": "98ac0f13233d429d8c4aabe287c69488"
        },
        {
          "type": "image",
          "assetId": "UU9PCBiELThM",
          "checksum": "1cd6c284679a1e604f54f3fc97234be2"
        },
        {
          "type": "image",
          "assetId": "6n0G9Ail8WIw",
          "checksum": "00d4c3242a02137a1866aae6fa8bad0f"
        },
        {
          "type": "image",
          "assetId": "g0apRWMZC5bG",
          "checksum": "b064675e353d275417f1f55e17a4bbdd"
        },
        {
          "type": "image",
          "assetId": "esS19iSOtMnt",
          "checksum": "24221526a2baea9abb9218cb5ca59400"
        },
        {
          "type": "image",
          "assetId": "APbUhNhPFzMT",
          "checksum": "ac6eb86775ce5b932b67c414ea60add1"
        },
        {
          "type": "image",
          "assetId": "vJFSxAnUDGyG",
          "checksum": "b386480cce2693819377f3ea2cf77dcc"
        },
        {
          "type": "image",
          "assetId": "tQ5ae90X_pr4",
          "checksum": "13426ed7f4fb0a9424b5f2332830caba"
        },
        {
          "type": "image",
          "assetId": "Ea9sD9wdk1qj",
          "checksum": "ce54b8aab9a7bb368b985ab51c8871a2"
        },
        {
          "type": "image",
          "assetId": "KSEsewjU7hOv",
          "checksum": "738035538225d80f2517bc5db6915842"
        },
        {
          "type": "image",
          "assetId": "Lo-yBNqx_HtL",
          "checksum": "f70ebf75f1d843ea2b7820b180b386c8"
        },
        {
          "type": "image",
          "assetId": "ZSnOXwNGd1VL",
          "checksum": "3e525e47bcb1663b8efa7a667d8bedff"
        },
        {
          "type": "image",
          "assetId": "-z-QRillQXd",
          "checksum": "a81cad9ee5a9ffcd7f265eae3ca8740f"
        },
        {
          "type": "image",
          "assetId": "kiGapQe7PUU",
          "checksum": "31adeb095925b518e3fd293f45599de1"
        },
        {
          "type": "renderModule",
          "assetId": "vYatICSdra6",
          "checksum": "a0a558fd08a8ac89eeb7f41d7b2f2077"
        },
        {
          "type": "cssRules",
          "assetId": "vYatICSdra6",
          "checksum": "a0a558fd08a8ac89eeb7f41d7b2f2077"
        },
        {
          "type": "renderModule",
          "assetId": "nlWEqtNh3DK",
          "checksum": "ee916e4db563468b8337bf37fbcc8e45"
        },
        {
          "type": "cssRules",
          "assetId": "nlWEqtNh3DK",
          "checksum": "ee916e4db563468b8337bf37fbcc8e45"
        },
        {
          "type": "image",
          "assetId": "AqrqLBSBV",
          "checksum": "7f2bdc5795e63c8abd5020fa3400132b"
        },
        {
          "type": "image",
          "assetId": "gAeg9LWTo",
          "checksum": "859231f090bd245cf5671680db6c1aae"
        },
        {
          "assetId": "jbURxL3XuiMBQsLhf7apui",
          "type": "projectCss",
          "checksum": "c7c7b56bc4fd7807e5b8c76feaa54b2a"
        },
        {
          "type": "image",
          "assetId": "07iCDJm81",
          "checksum": "fea714b7938b86fdb654be58a5210b12"
        },
        {
          "type": "image",
          "assetId": "10YczkcSe",
          "checksum": "f50d58187957ebf24a002bef37ea644a"
        },
        {
          "type": "image",
          "assetId": "Qc1L6o_lt",
          "checksum": "cc085707fd5e29052ea745280bb4c375"
        },
        {
          "type": "image",
          "assetId": "zDwHu-wj5",
          "checksum": "0c77500089b81f582c11be2845ef6fdd"
        },
        {
          "type": "image",
          "assetId": "mwUvuPLMx",
          "checksum": "426d9c4ef7104f73e0d2b1b0f6aa5ced"
        },
        {
          "type": "image",
          "assetId": "ldiNJjzLX",
          "checksum": "8766890e7032a5d1309f664b0781f977"
        },
        {
          "type": "image",
          "assetId": "zewIG9KfL",
          "checksum": "d0fd6330d65991cc27589fe41a0f92dd"
        },
        {
          "type": "image",
          "assetId": "8BTxkZPSA",
          "checksum": "4a3cf3c8a716225dfd9a0a57a5a558da"
        },
        {
          "type": "image",
          "assetId": "9NSvSU1NS",
          "checksum": "5d8d0eedbb6b5d5dcc5e3dd0bd754d86"
        },
        {
          "type": "image",
          "assetId": "g2Z4HKTGH",
          "checksum": "b0adc1c99468bc160101a41f3f331949"
        }
      ],
      "codegenVersion": "0.0.1"
    }
  ],
  "cliVersion": "0.1.170"
}
