{
  "projects": [
    {
      "projectId": "seaQhLVS4bbjiGvJJrRwyL",
      "version": "15.1.2",
      "dependencies": {},
      "lang": "ts",
      "fileLocks": [
        {
          "assetId": "seaQhLVS4bbjiGvJJrRwyL",
          "type": "projectCss",
          "checksum": "a540f80d09e125d775ab10c4ee5a77f1"
        }
      ],
      "codegenVersion": "0.0.1"
    },
    {
      "projectId": "jbURxL3XuiMBQsLhf7apui",
      "version": "latest",
      "dependencies": {
        "seaQhLVS4bbjiGvJJrRwyL": "15.1.2"
      },
      "lang": "ts",
      "fileLocks": [
        {
          "type": "globalVariant",
          "assetId": "BzFq34bwReL2",
          "checksum": "8311fb5f70a9dd48b697a6b500a1db74"
        },
        {
          "type": "renderModule",
          "assetId": "Z0tmI2kZtwu",
          "checksum": "9ebf8477effe013342bf830086a511a5"
        },
        {
          "type": "cssRules",
          "assetId": "Z0tmI2kZtwu",
          "checksum": "9ebf8477effe013342bf830086a511a5"
        },
        {
          "type": "renderModule",
          "assetId": "yPO2dsHR0-Dj",
          "checksum": "ec56bd53d1f8330c3cf7205988fecc57"
        },
        {
          "type": "cssRules",
          "assetId": "yPO2dsHR0-Dj",
          "checksum": "ec56bd53d1f8330c3cf7205988fecc57"
        },
        {
          "type": "renderModule",
          "assetId": "C-c1_GprIs0E",
          "checksum": "25ff3bafe78aa87f6c3f6818c5b5844e"
        },
        {
          "type": "cssRules",
          "assetId": "C-c1_GprIs0E",
          "checksum": "25ff3bafe78aa87f6c3f6818c5b5844e"
        },
        {
          "type": "renderModule",
          "assetId": "mDNIC-FBlOxc",
          "checksum": "6af784b24d790bdf757aaad7c5f43457"
        },
        {
          "type": "cssRules",
          "assetId": "mDNIC-FBlOxc",
          "checksum": "6af784b24d790bdf757aaad7c5f43457"
        },
        {
          "type": "renderModule",
          "assetId": "PDN2xmv-0aRn",
          "checksum": "7729757bfbeb76f37ac602a21f8744eb"
        },
        {
          "type": "cssRules",
          "assetId": "PDN2xmv-0aRn",
          "checksum": "7729757bfbeb76f37ac602a21f8744eb"
        },
        {
          "type": "renderModule",
          "assetId": "jar6THUCtxN0",
          "checksum": "d4bb1bc4a10b3c6d9068ec5dbb436d61"
        },
        {
          "type": "cssRules",
          "assetId": "jar6THUCtxN0",
          "checksum": "d4bb1bc4a10b3c6d9068ec5dbb436d61"
        },
        {
          "type": "renderModule",
          "assetId": "w1ZnbKd31u0d",
          "checksum": "8302938a58875d1f0842bfd6113a2a1f"
        },
        {
          "type": "cssRules",
          "assetId": "w1ZnbKd31u0d",
          "checksum": "8302938a58875d1f0842bfd6113a2a1f"
        },
        {
          "type": "renderModule",
          "assetId": "6EHfrgSbKByl",
          "checksum": "32a24e21fc40305426f8dd40730bcd66"
        },
        {
          "type": "cssRules",
          "assetId": "6EHfrgSbKByl",
          "checksum": "32a24e21fc40305426f8dd40730bcd66"
        },
        {
          "type": "renderModule",
          "assetId": "5SnsQScnhaLp",
          "checksum": "092736e5a1e9a336bab3d171c902befc"
        },
        {
          "type": "cssRules",
          "assetId": "5SnsQScnhaLp",
          "checksum": "092736e5a1e9a336bab3d171c902befc"
        },
        {
          "type": "renderModule",
          "assetId": "ckCiVMtRuKmU",
          "checksum": "29bd5c23aa6db4f637f5c411b44e0d35"
        },
        {
          "type": "cssRules",
          "assetId": "ckCiVMtRuKmU",
          "checksum": "29bd5c23aa6db4f637f5c411b44e0d35"
        },
        {
          "type": "renderModule",
          "assetId": "mTFy8Vt80PPU",
          "checksum": "713bf3367ca3414bd26b5114b6a544bd"
        },
        {
          "type": "cssRules",
          "assetId": "mTFy8Vt80PPU",
          "checksum": "713bf3367ca3414bd26b5114b6a544bd"
        },
        {
          "type": "renderModule",
          "assetId": "69HcucgDj4Nx",
          "checksum": "9b42434a5e11174c433fa5a58bd600e9"
        },
        {
          "type": "cssRules",
          "assetId": "69HcucgDj4Nx",
          "checksum": "9b42434a5e11174c433fa5a58bd600e9"
        },
        {
          "type": "renderModule",
          "assetId": "1qGRt7Rwz6k5",
          "checksum": "6c817f07382ba78cd2fddfd20adb3232"
        },
        {
          "type": "cssRules",
          "assetId": "1qGRt7Rwz6k5",
          "checksum": "6c817f07382ba78cd2fddfd20adb3232"
        },
        {
          "type": "renderModule",
          "assetId": "z30q3PBBdnTX",
          "checksum": "399525a3bd5d27c63237eee6c02f0576"
        },
        {
          "type": "cssRules",
          "assetId": "z30q3PBBdnTX",
          "checksum": "399525a3bd5d27c63237eee6c02f0576"
        },
        {
          "type": "renderModule",
          "assetId": "WPq9gUgwYyDn",
          "checksum": "07c021e8b3804cdb6f9269de8acfe099"
        },
        {
          "type": "cssRules",
          "assetId": "WPq9gUgwYyDn",
          "checksum": "07c021e8b3804cdb6f9269de8acfe099"
        },
        {
          "type": "renderModule",
          "assetId": "pqxD5V2UHfS3",
          "checksum": "4085199ec2cac1e8f3da7457e5440fdb"
        },
        {
          "type": "cssRules",
          "assetId": "pqxD5V2UHfS3",
          "checksum": "4085199ec2cac1e8f3da7457e5440fdb"
        },
        {
          "type": "renderModule",
          "assetId": "eDgf6ntQo-zf",
          "checksum": "be21ddf4285a7ea67c46d57a4f064e2f"
        },
        {
          "type": "cssRules",
          "assetId": "eDgf6ntQo-zf",
          "checksum": "be21ddf4285a7ea67c46d57a4f064e2f"
        },
        {
          "type": "renderModule",
          "assetId": "Qao5N_y6m8Z8",
          "checksum": "8ebff50ca6942c7dacedc8909b5a0bde"
        },
        {
          "type": "cssRules",
          "assetId": "Qao5N_y6m8Z8",
          "checksum": "8ebff50ca6942c7dacedc8909b5a0bde"
        },
        {
          "type": "renderModule",
          "assetId": "4ne7EFpfVxvr",
          "checksum": "b9b399765a83eb9cb70c701de18550d0"
        },
        {
          "type": "cssRules",
          "assetId": "4ne7EFpfVxvr",
          "checksum": "b9b399765a83eb9cb70c701de18550d0"
        },
        {
          "type": "renderModule",
          "assetId": "YHHsIHIZ309X",
          "checksum": "e2c00518060fa3a09fdfdb3b627f1f86"
        },
        {
          "type": "cssRules",
          "assetId": "YHHsIHIZ309X",
          "checksum": "e2c00518060fa3a09fdfdb3b627f1f86"
        },
        {
          "type": "renderModule",
          "assetId": "2w86J8WHAT2f",
          "checksum": "b14236d1b5b7f94faf4366a9e10cec24"
        },
        {
          "type": "cssRules",
          "assetId": "2w86J8WHAT2f",
          "checksum": "b14236d1b5b7f94faf4366a9e10cec24"
        },
        {
          "type": "renderModule",
          "assetId": "uwtrxO1FhIoo",
          "checksum": "70d584ee4e967f318c237ef0191ae803"
        },
        {
          "type": "cssRules",
          "assetId": "uwtrxO1FhIoo",
          "checksum": "70d584ee4e967f318c237ef0191ae803"
        },
        {
          "type": "renderModule",
          "assetId": "GpokPUrpKl",
          "checksum": "0da39315c0af57ebb491e3ad500b94c7"
        },
        {
          "type": "cssRules",
          "assetId": "GpokPUrpKl",
          "checksum": "0da39315c0af57ebb491e3ad500b94c7"
        },
        {
          "type": "renderModule",
          "assetId": "Q4yy3X_W7vH",
          "checksum": "b5744d212b56829954950f72bb5e9ee4"
        },
        {
          "type": "cssRules",
          "assetId": "Q4yy3X_W7vH",
          "checksum": "b5744d212b56829954950f72bb5e9ee4"
        },
        {
          "type": "renderModule",
          "assetId": "MeQWELtrysB",
          "checksum": "8c506748ad991accc0e85f3e872c5030"
        },
        {
          "type": "cssRules",
          "assetId": "MeQWELtrysB",
          "checksum": "8c506748ad991accc0e85f3e872c5030"
        },
        {
          "type": "renderModule",
          "assetId": "aLoaIkI4766",
          "checksum": "76872b34e49aff48229402898663c49b"
        },
        {
          "type": "cssRules",
          "assetId": "aLoaIkI4766",
          "checksum": "76872b34e49aff48229402898663c49b"
        },
        {
          "type": "renderModule",
          "assetId": "ayEd-ezB3C-z",
          "checksum": "15dce3ec5585a0279acf82534a1193d8"
        },
        {
          "type": "cssRules",
          "assetId": "ayEd-ezB3C-z",
          "checksum": "15dce3ec5585a0279acf82534a1193d8"
        },
        {
          "type": "icon",
          "assetId": "lodHYqINbTbi",
          "checksum": "ca14ffe026a049f7cae1692241a1c91c"
        },
        {
          "type": "icon",
          "assetId": "MR6HjPoQ4XZO",
          "checksum": "3ff1798f80adb2f40bf8911d070a66c6"
        },
        {
          "type": "icon",
          "assetId": "IZHgihA6NHMA",
          "checksum": "954aadabf0c9471fefd60de976872298"
        },
        {
          "type": "icon",
          "assetId": "3WaskXxDwLpP",
          "checksum": "cc25939562c85b51ea8810a7f2001652"
        },
        {
          "type": "icon",
          "assetId": "ZuOYCAXGTqWV",
          "checksum": "06f74e2798026077aa34fd1a152512f3"
        },
        {
          "type": "icon",
          "assetId": "rLVg9ppMbHmc",
          "checksum": "1e18a80fcce3ef34eb2b80954171d211"
        },
        {
          "type": "icon",
          "assetId": "R_OTBeuKYlSh",
          "checksum": "15e1671b2d1aafb6966f9fd20292d799"
        },
        {
          "type": "icon",
          "assetId": "xG-_Nh8HQ7l8",
          "checksum": "9e753e62aa592bae5e5db509c7b7d56e"
        },
        {
          "type": "icon",
          "assetId": "B6LQdT961rE8",
          "checksum": "5dc56dc818111df4621a1137f7f2ce97"
        },
        {
          "type": "icon",
          "assetId": "gpmIqNjGKjYR",
          "checksum": "d3deb257783ea0f3a8e337ca16160f56"
        },
        {
          "type": "icon",
          "assetId": "UihrSODpd_wc",
          "checksum": "7d3cbe46ed50fc4c73042af3fe95616f"
        },
        {
          "type": "icon",
          "assetId": "zA5513fIkSrM",
          "checksum": "8e9e0ce8df31b16a6bdd5cae92cf72e0"
        },
        {
          "type": "icon",
          "assetId": "61ZZiWf_2GO1",
          "checksum": "e3e904932052282a13384ed1a0d0b8ff"
        },
        {
          "type": "icon",
          "assetId": "PkcoKaDFPXBd",
          "checksum": "2845d8ab1624f7ac67ae4fbffb67a7af"
        },
        {
          "type": "icon",
          "assetId": "nx-aO57rpWv5",
          "checksum": "db1c0f2e2cef222f0566b1d749b74559"
        },
        {
          "type": "icon",
          "assetId": "_s4zGGUKFzul",
          "checksum": "21bfaed39d083c8d44944edc9810d32d"
        },
        {
          "type": "icon",
          "assetId": "reqCYX4Vc1Lv",
          "checksum": "ce23c45842494abae1ac9170a574be62"
        },
        {
          "type": "icon",
          "assetId": "VSVBWWleY_Z",
          "checksum": "046ca249f4cf55fde21d4f5f5582b256"
        },
        {
          "type": "icon",
          "assetId": "OiyLcqCpAFbm",
          "checksum": "0f6181957f316d93bf161073610d2fb4"
        },
        {
          "type": "icon",
          "assetId": "4MOEJCX4_jYc",
          "checksum": "d39ec1c954e0bfea73e2974c477ca576"
        },
        {
          "type": "icon",
          "assetId": "yeSC35cwTR9f",
          "checksum": "3b7cbd820bf9b9c49cab2c5004cdaf0c"
        },
        {
          "type": "image",
          "assetId": "wshNYuc6rPNN",
          "checksum": "947fd10cca5fa6435a7cd886ebabaa9a"
        },
        {
          "type": "image",
          "assetId": "GJeDEBFEcyln",
          "checksum": "a45af6e23626159f84aca37059f4ef1e"
        },
        {
          "type": "image",
          "assetId": "cHbom4Y5rY9l",
          "checksum": "79d538209ecb64d922a92c80d593ed45"
        },
        {
          "type": "image",
          "assetId": "9b5xXcLH430q",
          "checksum": "039605e694dbae31369176608dde910d"
        },
        {
          "type": "image",
          "assetId": "TJqyG3v8FonY",
          "checksum": "efba0058fd64fec6839f59c2a342d3a8"
        },
        {
          "type": "image",
          "assetId": "FXudmdwhFRlK",
          "checksum": "4b28fae30eb3c5a08aa0e1cf35032c00"
        },
        {
          "type": "image",
          "assetId": "tfel2cHYfcDD",
          "checksum": "8c339dcf1ef21b3a1f4cb57aa9f74852"
        },
        {
          "type": "image",
          "assetId": "WQozPERLFyU7",
          "checksum": "8d84363d8d5b726682322d27186387d5"
        },
        {
          "type": "image",
          "assetId": "xVMX2JjhRPBv",
          "checksum": "5a5429fa61198ec8f382c0dc787f75d7"
        },
        {
          "type": "image",
          "assetId": "jJUqb5UpxSNV",
          "checksum": "4ee8ad392b85eac439c4eddf6bd1dc57"
        },
        {
          "type": "image",
          "assetId": "kW0MEcx1cUB6",
          "checksum": "3322fd6e3958d1a6fc201a62c6060291"
        },
        {
          "type": "image",
          "assetId": "bzoVX2F6-qpY",
          "checksum": "7b795c35a9cae1cb56193f0d78b37b14"
        },
        {
          "type": "image",
          "assetId": "rd_4oaLqkY91",
          "checksum": "4be352692c271053154b488d125176b5"
        },
        {
          "type": "image",
          "assetId": "hRpE8_QxAJo8",
          "checksum": "d356b8d7980130900a6f7c27008e9c52"
        },
        {
          "type": "image",
          "assetId": "LisLSbv1ougb",
          "checksum": "528934ee61a9e1e53e489bd5903c69db"
        },
        {
          "type": "image",
          "assetId": "lq39t7xtQtcQ",
          "checksum": "3f8ced7265a589f2d76e4247d44d4f60"
        },
        {
          "type": "image",
          "assetId": "5m7xlTu-oMsO",
          "checksum": "b506c1a83eece4c9131dc79e9349591e"
        },
        {
          "type": "image",
          "assetId": "bG3w46_vuNFz",
          "checksum": "b0ee0499a409ddcf9c3060a2ec965ef8"
        },
        {
          "type": "image",
          "assetId": "0OM9gmOP7bvB",
          "checksum": "f6ef7d086cd890c214351006f9a8460e"
        },
        {
          "type": "image",
          "assetId": "mOAaQnMqXtbQ",
          "checksum": "352e5c4284a469de7f1b261c0ba3e83d"
        },
        {
          "type": "image",
          "assetId": "1CthasiFmgV3",
          "checksum": "3eae1cbe1c1e6028ba43a6507daaf605"
        },
        {
          "type": "image",
          "assetId": "pG1soMKYmcfh",
          "checksum": "ecd4382b9c99cfcefa11627e3f4f20a0"
        },
        {
          "type": "image",
          "assetId": "J4aX8RGaaFbQ",
          "checksum": "435a7502720574b9dac28826e8180c77"
        },
        {
          "type": "image",
          "assetId": "Nd20I4wVgAIL",
          "checksum": "98ac0f13233d429d8c4aabe287c69488"
        },
        {
          "type": "image",
          "assetId": "UU9PCBiELThM",
          "checksum": "1cd6c284679a1e604f54f3fc97234be2"
        },
        {
          "type": "image",
          "assetId": "6n0G9Ail8WIw",
          "checksum": "00d4c3242a02137a1866aae6fa8bad0f"
        },
        {
          "type": "image",
          "assetId": "g0apRWMZC5bG",
          "checksum": "b064675e353d275417f1f55e17a4bbdd"
        },
        {
          "type": "image",
          "assetId": "esS19iSOtMnt",
          "checksum": "24221526a2baea9abb9218cb5ca59400"
        },
        {
          "type": "image",
          "assetId": "APbUhNhPFzMT",
          "checksum": "ac6eb86775ce5b932b67c414ea60add1"
        },
        {
          "type": "image",
          "assetId": "vJFSxAnUDGyG",
          "checksum": "b386480cce2693819377f3ea2cf77dcc"
        },
        {
          "type": "image",
          "assetId": "tQ5ae90X_pr4",
          "checksum": "13426ed7f4fb0a9424b5f2332830caba"
        },
        {
          "type": "image",
          "assetId": "Ea9sD9wdk1qj",
          "checksum": "ce54b8aab9a7bb368b985ab51c8871a2"
        },
        {
          "type": "image",
          "assetId": "KSEsewjU7hOv",
          "checksum": "738035538225d80f2517bc5db6915842"
        },
        {
          "type": "image",
          "assetId": "Lo-yBNqx_HtL",
          "checksum": "f70ebf75f1d843ea2b7820b180b386c8"
        },
        {
          "type": "image",
          "assetId": "ZSnOXwNGd1VL",
          "checksum": "3e525e47bcb1663b8efa7a667d8bedff"
        },
        {
          "type": "image",
          "assetId": "-z-QRillQXd",
          "checksum": "a81cad9ee5a9ffcd7f265eae3ca8740f"
        },
        {
          "type": "image",
          "assetId": "kiGapQe7PUU",
          "checksum": "31adeb095925b518e3fd293f45599de1"
        },
        {
          "type": "renderModule",
          "assetId": "vYatICSdra6",
          "checksum": "a1a8b011167642de986ab584934b6b93"
        },
        {
          "type": "cssRules",
          "assetId": "vYatICSdra6",
          "checksum": "a1a8b011167642de986ab584934b6b93"
        },
        {
          "type": "renderModule",
          "assetId": "nlWEqtNh3DK",
          "checksum": "ce090c1d1b56a012df2aedb84b40119e"
        },
        {
          "type": "cssRules",
          "assetId": "nlWEqtNh3DK",
          "checksum": "ce090c1d1b56a012df2aedb84b40119e"
        },
        {
          "type": "image",
          "assetId": "AqrqLBSBV",
          "checksum": "7f2bdc5795e63c8abd5020fa3400132b"
        },
        {
          "type": "image",
          "assetId": "gAeg9LWTo",
          "checksum": "859231f090bd245cf5671680db6c1aae"
        },
        {
          "type": "image",
          "assetId": "07iCDJm81",
          "checksum": "fea714b7938b86fdb654be58a5210b12"
        },
        {
          "type": "image",
          "assetId": "10YczkcSe",
          "checksum": "f50d58187957ebf24a002bef37ea644a"
        },
        {
          "type": "image",
          "assetId": "Qc1L6o_lt",
          "checksum": "cc085707fd5e29052ea745280bb4c375"
        },
        {
          "type": "image",
          "assetId": "zDwHu-wj5",
          "checksum": "0c77500089b81f582c11be2845ef6fdd"
        },
        {
          "type": "image",
          "assetId": "mwUvuPLMx",
          "checksum": "426d9c4ef7104f73e0d2b1b0f6aa5ced"
        },
        {
          "type": "image",
          "assetId": "ldiNJjzLX",
          "checksum": "8766890e7032a5d1309f664b0781f977"
        },
        {
          "type": "image",
          "assetId": "zewIG9KfL",
          "checksum": "d0fd6330d65991cc27589fe41a0f92dd"
        },
        {
          "type": "image",
          "assetId": "8BTxkZPSA",
          "checksum": "4a3cf3c8a716225dfd9a0a57a5a558da"
        },
        {
          "type": "image",
          "assetId": "9NSvSU1NS",
          "checksum": "5d8d0eedbb6b5d5dcc5e3dd0bd754d86"
        },
        {
          "type": "image",
          "assetId": "g2Z4HKTGH",
          "checksum": "b0adc1c99468bc160101a41f3f331949"
        },
        {
          "type": "image",
          "assetId": "ZpCMm3Zin",
          "checksum": "925c5eb1b2eb97a1ac0a8cadbeb21bb8"
        },
        {
          "type": "image",
          "assetId": "V9Rmlu-H3",
          "checksum": "b24f058b4c111144d11ea6307281bc32"
        },
        {
          "type": "image",
          "assetId": "5_KLnWm11",
          "checksum": "7ce820fb0da3ae98107e5c2d1ccf2a33"
        },
        {
          "type": "image",
          "assetId": "-Q_WfVkl4",
          "checksum": "a4ab12c1a3c40d668d7db3a68114e572"
        },
        {
          "type": "image",
          "assetId": "GmfKjX0jA",
          "checksum": "f2464669c87a6ff2d927bd5ffd229474"
        },
        {
          "type": "image",
          "assetId": "KC2KtNHwD",
          "checksum": "7cf957b3a231d5238a88568cb1219776"
        },
        {
          "type": "image",
          "assetId": "-hxSoRCTL",
          "checksum": "38defe278b552f0f4cd4f310a614d5bb"
        },
        {
          "type": "image",
          "assetId": "6HpWm3oSS",
          "checksum": "09c0d576870f75038a1eb63371494402"
        },
        {
          "type": "image",
          "assetId": "jtAshE9kb",
          "checksum": "6d01f668801b24396a65955dbca0b87e"
        },
        {
          "type": "renderModule",
          "assetId": "OyZbUXMunR",
          "checksum": "fbd71f6a7fa6891b8e62769460a1cc41"
        },
        {
          "type": "cssRules",
          "assetId": "OyZbUXMunR",
          "checksum": "fbd71f6a7fa6891b8e62769460a1cc41"
        },
        {
          "assetId": "jbURxL3XuiMBQsLhf7apui",
          "type": "projectCss",
          "checksum": "f486ab913735376f495bbccf5e206028"
        },
        {
          "type": "renderModule",
          "assetId": "BuqTNr9jIT",
          "checksum": "d18adb6d1fea4ffba7d8e4b3b3592dae"
        },
        {
          "type": "cssRules",
          "assetId": "BuqTNr9jIT",
          "checksum": "d18adb6d1fea4ffba7d8e4b3b3592dae"
        },
        {
          "type": "renderModule",
          "assetId": "cYCn1eldGfZ",
          "checksum": "0d8de1085a8cbab6288012525ad9c498"
        },
        {
          "type": "cssRules",
          "assetId": "cYCn1eldGfZ",
          "checksum": "0d8de1085a8cbab6288012525ad9c498"
        },
        {
          "type": "renderModule",
          "assetId": "KEjkl_jgeZ8",
          "checksum": "a3d2b45262c518126a0520bbca158ec7"
        },
        {
          "type": "cssRules",
          "assetId": "KEjkl_jgeZ8",
          "checksum": "a3d2b45262c518126a0520bbca158ec7"
        },
        {
          "type": "renderModule",
          "assetId": "wspG9_I0g7M",
          "checksum": "e46b004dfbf4a8e682e8b49dae1d2c83"
        },
        {
          "type": "cssRules",
          "assetId": "wspG9_I0g7M",
          "checksum": "e46b004dfbf4a8e682e8b49dae1d2c83"
        },
        {
          "type": "renderModule",
          "assetId": "bNtDNMxjRVWu",
          "checksum": "cc593e48d862423b6b801925160a0976"
        },
        {
          "type": "cssRules",
          "assetId": "bNtDNMxjRVWu",
          "checksum": "cc593e48d862423b6b801925160a0976"
        },
        {
          "type": "icon",
          "assetId": "uZwvHnmln5Ol",
          "checksum": "4c4685077f10b0efd5855be26d623a41"
        },
        {
          "type": "icon",
          "assetId": "bM5auaV8f9nE",
          "checksum": "daca94d3c8eba54083432fbf0dd5ada2"
        }
      ],
      "codegenVersion": "0.0.1"
    },
    {
      "projectId": "hhYAirYt8bU9TEjNgFzExf",
      "version": "8.1.1",
      "dependencies": {
        "seaQhLVS4bbjiGvJJrRwyL": "15.1.2"
      },
      "lang": "ts",
      "fileLocks": [
        {
          "type": "globalVariant",
          "assetId": "01lSGjai6pPg",
          "checksum": "82d0e8dd018b1a050a5a32f09489a56a"
        },
        {
          "assetId": "hhYAirYt8bU9TEjNgFzExf",
          "type": "projectCss",
          "checksum": "74601ef600f3bac417295fc59ceb972a"
        },
        {
          "type": "renderModule",
          "assetId": "aZ_J2rMYPrG",
          "checksum": "f3c5913fa1972091f0e71bd3c4f110b8"
        },
        {
          "type": "cssRules",
          "assetId": "aZ_J2rMYPrG",
          "checksum": "f3c5913fa1972091f0e71bd3c4f110b8"
        },
        {
          "type": "renderModule",
          "assetId": "tnj0d_eW4Ts",
          "checksum": "6357cc811c91e1c5e86b92e10da4325c"
        },
        {
          "type": "cssRules",
          "assetId": "tnj0d_eW4Ts",
          "checksum": "6357cc811c91e1c5e86b92e10da4325c"
        },
        {
          "type": "renderModule",
          "assetId": "05tCG29nEfK",
          "checksum": "c082d7d94f1ec752cbcdafe1d3e3f06b"
        },
        {
          "type": "cssRules",
          "assetId": "05tCG29nEfK",
          "checksum": "c082d7d94f1ec752cbcdafe1d3e3f06b"
        },
        {
          "type": "renderModule",
          "assetId": "qhKuHWsMEEf",
          "checksum": "b25d64765aae020f47a977a2d923b049"
        },
        {
          "type": "cssRules",
          "assetId": "qhKuHWsMEEf",
          "checksum": "b25d64765aae020f47a977a2d923b049"
        },
        {
          "type": "renderModule",
          "assetId": "AoqJDesXt_v",
          "checksum": "46d41cd7c8273849d7c7a6086483ccde"
        },
        {
          "type": "cssRules",
          "assetId": "AoqJDesXt_v",
          "checksum": "46d41cd7c8273849d7c7a6086483ccde"
        },
        {
          "type": "renderModule",
          "assetId": "uXYHN1Smh9Q",
          "checksum": "b53a4db6ce9f9869c693237157a06fa7"
        },
        {
          "type": "cssRules",
          "assetId": "uXYHN1Smh9Q",
          "checksum": "b53a4db6ce9f9869c693237157a06fa7"
        },
        {
          "type": "renderModule",
          "assetId": "qfSRxjwcOo8K",
          "checksum": "aedbbb8e2bc099b1a1b45c70a0bf6321"
        },
        {
          "type": "cssRules",
          "assetId": "qfSRxjwcOo8K",
          "checksum": "aedbbb8e2bc099b1a1b45c70a0bf6321"
        },
        {
          "type": "renderModule",
          "assetId": "c2y18IUjy7BA",
          "checksum": "000f0771a97cb3715a53a73595bc320b"
        },
        {
          "type": "cssRules",
          "assetId": "c2y18IUjy7BA",
          "checksum": "000f0771a97cb3715a53a73595bc320b"
        },
        {
          "type": "renderModule",
          "assetId": "pqYw2YQIp2Bj",
          "checksum": "c1de5913d8b1c748eafc771ba6c892e3"
        },
        {
          "type": "cssRules",
          "assetId": "pqYw2YQIp2Bj",
          "checksum": "c1de5913d8b1c748eafc771ba6c892e3"
        },
        {
          "type": "renderModule",
          "assetId": "6_bZ4KXsPl5_",
          "checksum": "e4be9275d972c0160684b13e6ad82c70"
        },
        {
          "type": "cssRules",
          "assetId": "6_bZ4KXsPl5_",
          "checksum": "e4be9275d972c0160684b13e6ad82c70"
        },
        {
          "type": "renderModule",
          "assetId": "MFvjeHLPw6vA",
          "checksum": "b0b8efce8d40cfa1ef4a49822edc0ac4"
        },
        {
          "type": "cssRules",
          "assetId": "MFvjeHLPw6vA",
          "checksum": "b0b8efce8d40cfa1ef4a49822edc0ac4"
        },
        {
          "type": "renderModule",
          "assetId": "xpx1dd3WX7GW",
          "checksum": "5c33dc5125b5b5c68ae24e1c7fb717ef"
        },
        {
          "type": "cssRules",
          "assetId": "xpx1dd3WX7GW",
          "checksum": "5c33dc5125b5b5c68ae24e1c7fb717ef"
        },
        {
          "type": "renderModule",
          "assetId": "Tz4a3lVI6CGf",
          "checksum": "0a6482a212180e6f9e7dec0fabfcf280"
        },
        {
          "type": "cssRules",
          "assetId": "Tz4a3lVI6CGf",
          "checksum": "0a6482a212180e6f9e7dec0fabfcf280"
        },
        {
          "type": "renderModule",
          "assetId": "mt8AYmIOquuF",
          "checksum": "29d7276da78fd85ee9d88d27b7fba57a"
        },
        {
          "type": "cssRules",
          "assetId": "mt8AYmIOquuF",
          "checksum": "29d7276da78fd85ee9d88d27b7fba57a"
        },
        {
          "type": "renderModule",
          "assetId": "m8MF3DD_Un",
          "checksum": "977b7c38f6fbeb0eddb784fffb3f5d51"
        },
        {
          "type": "cssRules",
          "assetId": "m8MF3DD_Un",
          "checksum": "977b7c38f6fbeb0eddb784fffb3f5d51"
        },
        {
          "type": "icon",
          "assetId": "t5eU7xypoObb",
          "checksum": "653a24654379fbe316011067d5be01bf"
        },
        {
          "type": "icon",
          "assetId": "Fcdq1Ejy4XxN",
          "checksum": "4c96bb7fc320c180212b942646f193c3"
        },
        {
          "type": "icon",
          "assetId": "hdLeuFLK2xdT",
          "checksum": "83d204295593eeb460b6a4ee6c2968a0"
        },
        {
          "type": "icon",
          "assetId": "w2kNC3zTGXKb",
          "checksum": "96c452e51c5341672b602ab96e78b5e4"
        },
        {
          "type": "icon",
          "assetId": "IBdwO7K4X226",
          "checksum": "5d52cced853eaf51e4f1ac82ffdbaf6b"
        },
        {
          "type": "icon",
          "assetId": "m7PScUG8ICOk",
          "checksum": "5934e27092ea705b7d46a0d343a52308"
        },
        {
          "type": "icon",
          "assetId": "f5W8LuYqDyl2",
          "checksum": "48e5b6b0056fd7d7c1189e90a3331d4a"
        },
        {
          "type": "icon",
          "assetId": "ZvTtjxYoOaFi",
          "checksum": "2110a3a3077fd1047a759e59899b7728"
        },
        {
          "type": "icon",
          "assetId": "Ow2lAYtI17fS",
          "checksum": "16667e9eb618af80e0db1d1cc2b73420"
        },
        {
          "type": "icon",
          "assetId": "UYcqQCUG5aJu",
          "checksum": "265143f47ea0dfeb31eaf7f0cec7bcb3"
        },
        {
          "type": "icon",
          "assetId": "_SP557JjCvZu",
          "checksum": "d1613bad9fd6b50bb21c9288f9b03650"
        },
        {
          "type": "icon",
          "assetId": "8urSW3zsoVIf",
          "checksum": "af2a96cffa61d51dc03f7c90a1af140e"
        },
        {
          "type": "icon",
          "assetId": "hZBvhC7zZTr0",
          "checksum": "9a3bd48db040dbd4b2fc7413375da324"
        },
        {
          "type": "icon",
          "assetId": "sRQ2cmFxpNjv",
          "checksum": "19f9e89f9984f4b7718dca2848de9f8a"
        },
        {
          "type": "icon",
          "assetId": "aos4xEgRa28Q",
          "checksum": "b546b349a0934465f3e224a4bdb3725c"
        },
        {
          "type": "icon",
          "assetId": "TFB9T0WIMP-S",
          "checksum": "53e30b626230225328120496b82fa34c"
        },
        {
          "type": "icon",
          "assetId": "fR_M5TpK_IAp",
          "checksum": "951386ec300b51af32ac41e9df65e7a6"
        },
        {
          "type": "icon",
          "assetId": "wruYgJ8FoWVC",
          "checksum": "43dbd88aab78defcaeaaf5a226ea9197"
        },
        {
          "type": "icon",
          "assetId": "ypOUYPtByDL1",
          "checksum": "e1c8fae0915226b6aa9efb2e9196fa10"
        },
        {
          "type": "icon",
          "assetId": "fRG7o45wBFgn",
          "checksum": "4e5d61e42669dfea9722af175529d454"
        },
        {
          "type": "icon",
          "assetId": "5jC4HENzcXyn",
          "checksum": "3e4e6dce11feb007cf2742750bf740f8"
        },
        {
          "type": "icon",
          "assetId": "234Oqlix5xbb",
          "checksum": "77707f8d29956def6c70f8479fa69a41"
        },
        {
          "type": "icon",
          "assetId": "DxCDUHw3i3",
          "checksum": "2694a53e28383511d862aab80c514611"
        },
        {
          "type": "icon",
          "assetId": "YVakyAfnc9",
          "checksum": "9f8fbe38aa42e71943c9727d31d3c1a3"
        },
        {
          "type": "icon",
          "assetId": "GTW3UJdRsI",
          "checksum": "22f9eac261df4bb3937884f99140d678"
        },
        {
          "type": "icon",
          "assetId": "GhoX4uYIl",
          "checksum": "10c44c6704c40694cb05e786565b0c28"
        },
        {
          "type": "icon",
          "assetId": "hEB4JzA3d2",
          "checksum": "8b8db0e94c2e0fb060109533f20f8188"
        },
        {
          "type": "icon",
          "assetId": "D2ojY0ctdZ",
          "checksum": "a9e7acc6af83b7f9b1106ac9072c2f11"
        },
        {
          "type": "icon",
          "assetId": "GgebjZkSLo",
          "checksum": "e0e4e8d5170a1a5f623621e8329ab7df"
        },
        {
          "type": "icon",
          "assetId": "UUYaQzKOks",
          "checksum": "87947ca143d0e5075bf2a93c0d3c68ea"
        },
        {
          "type": "icon",
          "assetId": "9bQFKqEJWx",
          "checksum": "f41442267e234922824de60dbc5f6db6"
        },
        {
          "type": "image",
          "assetId": "fAgLY6WquT-z",
          "checksum": "af0a8200c57e784c892b70fab5015ab4"
        },
        {
          "type": "image",
          "assetId": "lp2qLvqQwI4a",
          "checksum": "26d2ebe1eed75324e491ed39d614ae6a"
        },
        {
          "type": "image",
          "assetId": "SXmCoH9h7lB8",
          "checksum": "15ff4e3603251eba52261c71716a0dfb"
        },
        {
          "type": "image",
          "assetId": "8lFbuFMYYvuX",
          "checksum": "ea1ea9700525142ab637ef950ef9dd8f"
        },
        {
          "type": "image",
          "assetId": "govABzEk4CkZ",
          "checksum": "9aeeb0ec802d2f9a4be37f6ad637e3b0"
        },
        {
          "type": "image",
          "assetId": "cwF7lym__",
          "checksum": "41bd102a5678ce6e1c1cc36b6830431c"
        },
        {
          "type": "image",
          "assetId": "Ov2qEcSmL",
          "checksum": "81deed8d21b09317aabfdf67db0ea003"
        },
        {
          "type": "image",
          "assetId": "Yzobj_f3_",
          "checksum": "661fe4a4d5f1c128a73aaaead32bd2ce"
        },
        {
          "type": "image",
          "assetId": "lKill51lk7",
          "checksum": "8bf5e4f3ac062f70da30a0ceb858eb1c"
        },
        {
          "type": "image",
          "assetId": "LusHVJDFWb",
          "checksum": "b9f74dbb47f4d8e4d25287d620c322ff"
        },
        {
          "type": "image",
          "assetId": "IfD-UvmhH5",
          "checksum": "f155db6a914d7b71f82a59f59301f2b8"
        },
        {
          "type": "image",
          "assetId": "XcZbPoVQ7E",
          "checksum": "52da057126a3c04adc2715d7b450139d"
        },
        {
          "type": "image",
          "assetId": "67v9ji-5Qq",
          "checksum": "ee6c2099b424787686531ea83702dfc1"
        },
        {
          "type": "image",
          "assetId": "ESC0DEEl8i",
          "checksum": "e82e1a2bf6b5605b9e784954dc9f654a"
        },
        {
          "type": "image",
          "assetId": "7-ppQCK4f",
          "checksum": "17784c702085bb15f0643b708ff8830c"
        },
        {
          "type": "image",
          "assetId": "3VMSPjJAv",
          "checksum": "dcff04129818ec62796b0be730e6613e"
        },
        {
          "type": "image",
          "assetId": "HouKtmWYi",
          "checksum": "2eb6aa5f9524faaa5723d6cd6a7c5754"
        },
        {
          "type": "image",
          "assetId": "fJveROV-u",
          "checksum": "7d34ddeb5d5437c2f9da47083a64efe0"
        }
      ],
      "codegenVersion": "0.0.1"
    }
  ],
  "cliVersion": "0.1.170"
}
